
Microsoft Visual Studio Solution File, Format Version 12.00
# Visual Studio Version 16
VisualStudioVersion = 16.0.29326.143
MinimumVisualStudioVersion = 10.0.40219.1
Project("{9A19103F-16F7-4668-BE54-9A1E7A4F7556}") = "eSims", "eSims\eSims.csproj", "{2C51EA69-11C0-44C9-A93C-E014F7567881}"
EndProject
Project("{FAE04EC0-301F-11D3-BF4B-00C04F79EFBC}") = "eSimsTest", "eSimsTest\eSimsTest.csproj", "{CDA438B3-0604-4E4E-B91C-A3F3FECA2296}"
EndProject
Global
	GlobalSection(SolutionConfigurationPlatforms) = preSolution
		Debug|Any CPU = Debug|Any CPU
		Release|Any CPU = Release|Any CPU
	EndGlobalSection
	GlobalSection(ProjectConfigurationPlatforms) = postSolution
		{2C51EA69-11C0-44C9-A93C-E014F7567881}.Debug|Any CPU.ActiveCfg = Debug|Any CPU
		{2C51EA69-11C0-44C9-A93C-E014F7567881}.Debug|Any CPU.Build.0 = Debug|Any CPU
		{2C51EA69-11C0-44C9-A93C-E014F7567881}.Release|Any CPU.ActiveCfg = Release|Any CPU
		{2C51EA69-11C0-44C9-A93C-E014F7567881}.Release|Any CPU.Build.0 = Release|Any CPU
		{CDA438B3-0604-4E4E-B91C-A3F3FECA2296}.Debug|Any CPU.ActiveCfg = Debug|Any CPU
		{CDA438B3-0604-4E4E-B91C-A3F3FECA2296}.Debug|Any CPU.Build.0 = Debug|Any CPU
		{CDA438B3-0604-4E4E-B91C-A3F3FECA2296}.Release|Any CPU.ActiveCfg = Release|Any CPU
		{CDA438B3-0604-4E4E-B91C-A3F3FECA2296}.Release|Any CPU.Build.0 = Release|Any CPU
	EndGlobalSection
	GlobalSection(SolutionProperties) = preSolution
		HideSolutionNode = FALSE
	EndGlobalSection
	GlobalSection(ExtensibilityGlobals) = postSolution
		SolutionGuid = {47C4948F-6580-4076-A6F1-17CDDBC470D1}
	EndGlobalSection
EndGlobal
