
Microsoft Visual Studio Solution File, Format Version 12.00
# Visual Studio Version 16
VisualStudioVersion = 16.0.29326.143
MinimumVisualStudioVersion = 10.0.40219.1
Project("{9A19103F-16F7-4668-BE54-9A1E7A4F7556}") = "Proiect", "Proiect\Proiect.csproj", "{92CC2354-AB6B-4187-8770-E541B4665240}"
EndProject
Global
	GlobalSection(SolutionConfigurationPlatforms) = preSolution
		Debug|Any CPU = Debug|Any CPU
		Release|Any CPU = Release|Any CPU
	EndGlobalSection
	GlobalSection(ProjectConfigurationPlatforms) = postSolution
		{92CC2354-AB6B-4187-8770-E541B4665240}.Debug|Any CPU.ActiveCfg = Debug|Any CPU
		{92CC2354-AB6B-4187-8770-E541B4665240}.Debug|Any CPU.Build.0 = Debug|Any CPU
		{92CC2354-AB6B-4187-8770-E541B4665240}.Release|Any CPU.ActiveCfg = Release|Any CPU
		{92CC2354-AB6B-4187-8770-E541B4665240}.Release|Any CPU.Build.0 = Release|Any CPU
	EndGlobalSection
	GlobalSection(SolutionProperties) = preSolution
		HideSolutionNode = FALSE
	EndGlobalSection
	GlobalSection(ExtensibilityGlobals) = postSolution
		SolutionGuid = {5CFB11B2-4304-4BA5-A78B-5C1C02D9BB3B}
	EndGlobalSection
EndGlobal
